
Microsoft Visual Studio Solution File, Format Version 12.00
# Visual Studio Version 17
VisualStudioVersion = 17.9.34723.18
MinimumVisualStudioVersion = 10.0.40219.1
Project("{9A19103F-16F7-4668-BE54-9A1E7A4F7556}") = "PalateParadise", "PalateParadise.csproj", "{A9E5C80F-F95E-4834-966C-12933C25A519}"
EndProject
Global
	GlobalSection(SolutionConfigurationPlatforms) = preSolution
		Debug|Any CPU = Debug|Any CPU
		Release|Any CPU = Release|Any CPU
	EndGlobalSection
	GlobalSection(ProjectConfigurationPlatforms) = postSolution
		{A9E5C80F-F95E-4834-966C-12933C25A519}.Debug|Any CPU.ActiveCfg = Debug|Any CPU
		{A9E5C80F-F95E-4834-966C-12933C25A519}.Debug|Any CPU.Build.0 = Debug|Any CPU
		{A9E5C80F-F95E-4834-966C-12933C25A519}.Release|Any CPU.ActiveCfg = Release|Any CPU
		{A9E5C80F-F95E-4834-966C-12933C25A519}.Release|Any CPU.Build.0 = Release|Any CPU
	EndGlobalSection
	GlobalSection(SolutionProperties) = preSolution
		HideSolutionNode = FALSE
	EndGlobalSection
	GlobalSection(ExtensibilityGlobals) = postSolution
		SolutionGuid = {7140676D-1DC6-428F-9E00-36EAAF28AC87}
	EndGlobalSection
EndGlobal
